
Microsoft Visual Studio Solution File, Format Version 12.00
# Visual Studio Version 17
VisualStudioVersion = 17.8.34330.188
MinimumVisualStudioVersion = 10.0.40219.1
Project("{FAE04EC0-301F-11D3-BF4B-00C04F79EFBC}") = "WeatherApp", "WeatherApp.csproj", "{9BED2404-71F6-484C-87B8-B1BF6FB397F5}"
EndProject
Global
	GlobalSection(SolutionConfigurationPlatforms) = preSolution
		Debug|Any CPU = Debug|Any CPU
		Release|Any CPU = Release|Any CPU
	EndGlobalSection
	GlobalSection(ProjectConfigurationPlatforms) = postSolution
		{9BED2404-71F6-484C-87B8-B1BF6FB397F5}.Debug|Any CPU.ActiveCfg = Debug|Any CPU
		{9BED2404-71F6-484C-87B8-B1BF6FB397F5}.Debug|Any CPU.Build.0 = Debug|Any CPU
		{9BED2404-71F6-484C-87B8-B1BF6FB397F5}.Release|Any CPU.ActiveCfg = Release|Any CPU
		{9BED2404-71F6-484C-87B8-B1BF6FB397F5}.Release|Any CPU.Build.0 = Release|Any CPU
	EndGlobalSection
	GlobalSection(SolutionProperties) = preSolution
		HideSolutionNode = FALSE
	EndGlobalSection
	GlobalSection(ExtensibilityGlobals) = postSolution
		SolutionGuid = {9FAD3C5D-C7FE-4140-B98C-9FB9E99431F7}
	EndGlobalSection
EndGlobal
